<?xml version="1.0" encoding="utf-8"?>
<Project ToolsVersion="4.0" xmlns="http://schemas.microsoft.com/developer/msbuild/2003">
  <ItemGroup>
    <Filter Include="소스 파일">
      <UniqueIdentifier>{4FC737F1-C7A5-4376-A066-2A32D752A2FF}</UniqueIdentifier>
      <Extensions>cpp;c;cc;cxx;c++;cppm;ixx;def;odl;idl;hpj;bat;asm;asmx</Extensions>
    </Filter>
    <Filter Include="헤더 파일">
      <UniqueIdentifier>{93995380-89BD-4b04-88EB-625FBE52EBFB}</UniqueIdentifier>
      <Extensions>h;hh;hpp;hxx;h++;hm;inl;inc;ipp;xsd</Extensions>
    </Filter>
    <Filter Include="리소스 파일">
      <UniqueIdentifier>{67DA6AB6-F800-4c08-8B7A-83BB121AAD01}</UniqueIdentifier>
      <Extensions>rc;ico;cur;bmp;dlg;rc2;rct;bin;rgs;gif;jpg;jpeg;jpe;resx;tiff;tif;png;wav;mfcribbon-ms</Extensions>
    </Filter>
  </ItemGroup>
  <ItemGroup>
    <ClCompile Include="src\1_warming-up\warming-up1.cpp">
      <Filter>소스 파일</Filter>
    </ClCompile>
    <ClCompile Include="src\1_warming-up\warming-up2.cpp">
      <Filter>소스 파일</Filter>
    </ClCompile>
    <ClCompile Include="src\1_warming-up\warming-up3.cpp">
      <Filter>소스 파일</Filter>
    </ClCompile>
    <ClCompile Include="src\1_warming-up\warming-up4.cpp">
      <Filter>소스 파일</Filter>
    </ClCompile>
    <ClCompile Include="src\1_warming-up\warming-up5.cpp">
      <Filter>소스 파일</Filter>
    </ClCompile>
    <ClCompile Include="src\1_warming-up\warming-up6.cpp">
      <Filter>소스 파일</Filter>
    </ClCompile>
    <ClCompile Include="src\Shader.cpp">
      <Filter>소스 파일</Filter>
    </ClCompile>
    <ClCompile Include="src\2_opengl_basics\practice-6.cpp">
      <Filter>소스 파일</Filter>
    </ClCompile>
    <ClCompile Include="src\2_opengl_basics\practice-5.cpp">
      <Filter>소스 파일</Filter>
    </ClCompile>
    <ClCompile Include="src\2_opengl_basics\practice-1.cpp">
      <Filter>소스 파일</Filter>
    </ClCompile>
    <ClCompile Include="src\2_opengl_basics\practice-2.cpp">
      <Filter>소스 파일</Filter>
    </ClCompile>
    <ClCompile Include="src\2_opengl_basics\practice-3.cpp">
      <Filter>소스 파일</Filter>
    </ClCompile>
    <ClCompile Include="src\2_opengl_basics\practice-4.cpp">
      <Filter>소스 파일</Filter>
    </ClCompile>
    <ClCompile Include="src\2_opengl_basics\practice-7.cpp">
      <Filter>소스 파일</Filter>
    </ClCompile>
    <ClCompile Include="src\2_opengl_basics\practice-8.cpp">
      <Filter>소스 파일</Filter>
    </ClCompile>
    <ClCompile Include="src\2_opengl_basics\practice-9.cpp">
      <Filter>소스 파일</Filter>
    </ClCompile>
    <ClCompile Include="src\2_opengl_basics\practice-10.cpp">
      <Filter>소스 파일</Filter>
    </ClCompile>
    <ClCompile Include="src\2_opengl_basics\practice-11.cpp">
      <Filter>소스 파일</Filter>
    </ClCompile>
    <ClCompile Include="src\2_opengl_basics\practice-12.cpp">
      <Filter>소스 파일</Filter>
    </ClCompile>
    <ClCompile Include="src\99_labs\ripple.cpp">
      <Filter>소스 파일</Filter>
    </ClCompile>
    <ClCompile Include="src\Camera.cpp">
      <Filter>소스 파일</Filter>
    </ClCompile>
    <ClCompile Include="src\99_labs\neon-cube.cpp">
      <Filter>소스 파일</Filter>
    </ClCompile>
    <ClCompile Include="src\2_opengl_basics\practice-13.cpp">
      <Filter>소스 파일</Filter>
    </ClCompile>
  </ItemGroup>
  <ItemGroup>
    <None Include="shaders\opengl-basics\quadShader.vs" />
    <None Include="shaders\opengl-basics\quadShader.fs" />
    <None Include="shaders\1_opengl_basics\orthoStaticProjection.vs" />
    <None Include="shaders\1_opengl_basics\uniformColor.fs" />
    <None Include="shaders\1_opengl_basics\transparentColor.fs" />
    <None Include="shaders\1_opengl_basics\orthoProjection.vs" />
    <None Include="shaders\1_opengl_basics\circle.fs" />
    <None Include="shaders\99_labs\ripple.fs" />
    <None Include="shaders\99_labs\rippleColor.vs" />
    <None Include="shaders\1_opengl_basics\perspectiveProjection.vs" />
    <None Include="shaders\1_opengl_basics\vertexColor.fs" />
  </ItemGroup>
  <ItemGroup>
    <ClInclude Include="include\Shader.h">
      <Filter>헤더 파일</Filter>
    </ClInclude>
    <ClInclude Include="include\Camera.h">
      <Filter>헤더 파일</Filter>
    </ClInclude>
    <ClInclude Include="include\Application.h">
      <Filter>헤더 파일</Filter>
    </ClInclude>
    <ClInclude Include="include\Application.inl">
      <Filter>소스 파일</Filter>
    </ClInclude>
    <ClInclude Include="include\Mesh.h">
      <Filter>헤더 파일</Filter>
    </ClInclude>
    <ClInclude Include="include\Mesh.inl">
      <Filter>소스 파일</Filter>
    </ClInclude>
    <ClInclude Include="include\Model.h">
      <Filter>헤더 파일</Filter>
    </ClInclude>
    <ClInclude Include="include\Model.inl">
      <Filter>헤더 파일</Filter>
    </ClInclude>
    <ClInclude Include="include\CG.h">
      <Filter>헤더 파일</Filter>
    </ClInclude>
  </ItemGroup>
</Project>